
Microsoft Visual Studio Solution File, Format Version 12.00
# Visual Studio Version 16
VisualStudioVersion = 16.0.31729.503
MinimumVisualStudioVersion = 10.0.40219.1
Project("{9A19103F-16F7-4668-BE54-9A1E7A4F7556}") = "iParking", "iParking.csproj", "{1DCFD24D-2F05-4298-AE4E-BC0B1C96423F}"
EndProject
Project("{9A19103F-16F7-4668-BE54-9A1E7A4F7556}") = "Kztek.KZIO", "D:\2.KZTECH\4.WorkWithControler\1.KztekDevice\4.KZIO\Kztek.KZIO\Kztek.KZIO.csproj", "{4C83173D-B446-474B-A696-C18E8431AC21}"
EndProject
Project("{9A19103F-16F7-4668-BE54-9A1E7A4F7556}") = "Kztek.LedController", "D:\2.KZTECH\4.WorkWithControler\1.KztekDevice\2.Led\TestLed\Kztek.LedLibrary\Kztek.LedController.csproj", "{C1DF2761-B7CF-4C37-B89F-D798DD0A420A}"
EndProject
Project("{9A19103F-16F7-4668-BE54-9A1E7A4F7556}") = "Kztek.AI", "C:\Users\VIET ANH\Desktop\Kztek.AI (1)\Kztek.AI\Kztek.AI.csproj", "{C8C58A62-0786-465F-9760-73251D8B73BE}"
EndProject
Project("{9A19103F-16F7-4668-BE54-9A1E7A4F7556}") = "ConnectionConfig", "..\ConnectionConfig\ConnectionConfig.csproj", "{2F0520DC-46C6-4250-9EF1-687AE32B4195}"
EndProject
Global
	GlobalSection(SolutionConfigurationPlatforms) = preSolution
		Debug|Any CPU = Debug|Any CPU
		Release|Any CPU = Release|Any CPU
	EndGlobalSection
	GlobalSection(ProjectConfigurationPlatforms) = postSolution
		{1DCFD24D-2F05-4298-AE4E-BC0B1C96423F}.Debug|Any CPU.ActiveCfg = Debug|Any CPU
		{1DCFD24D-2F05-4298-AE4E-BC0B1C96423F}.Debug|Any CPU.Build.0 = Debug|Any CPU
		{1DCFD24D-2F05-4298-AE4E-BC0B1C96423F}.Release|Any CPU.ActiveCfg = Release|Any CPU
		{1DCFD24D-2F05-4298-AE4E-BC0B1C96423F}.Release|Any CPU.Build.0 = Release|Any CPU
		{4C83173D-B446-474B-A696-C18E8431AC21}.Debug|Any CPU.ActiveCfg = Debug|Any CPU
		{4C83173D-B446-474B-A696-C18E8431AC21}.Debug|Any CPU.Build.0 = Debug|Any CPU
		{4C83173D-B446-474B-A696-C18E8431AC21}.Release|Any CPU.ActiveCfg = Release|Any CPU
		{4C83173D-B446-474B-A696-C18E8431AC21}.Release|Any CPU.Build.0 = Release|Any CPU
		{C1DF2761-B7CF-4C37-B89F-D798DD0A420A}.Debug|Any CPU.ActiveCfg = Debug|Any CPU
		{C1DF2761-B7CF-4C37-B89F-D798DD0A420A}.Debug|Any CPU.Build.0 = Debug|Any CPU
		{C1DF2761-B7CF-4C37-B89F-D798DD0A420A}.Release|Any CPU.ActiveCfg = Release|Any CPU
		{C1DF2761-B7CF-4C37-B89F-D798DD0A420A}.Release|Any CPU.Build.0 = Release|Any CPU
		{C8C58A62-0786-465F-9760-73251D8B73BE}.Debug|Any CPU.ActiveCfg = Debug|Any CPU
		{C8C58A62-0786-465F-9760-73251D8B73BE}.Debug|Any CPU.Build.0 = Debug|Any CPU
		{C8C58A62-0786-465F-9760-73251D8B73BE}.Release|Any CPU.ActiveCfg = Release|Any CPU
		{C8C58A62-0786-465F-9760-73251D8B73BE}.Release|Any CPU.Build.0 = Release|Any CPU
		{2F0520DC-46C6-4250-9EF1-687AE32B4195}.Debug|Any CPU.ActiveCfg = Debug|Any CPU
		{2F0520DC-46C6-4250-9EF1-687AE32B4195}.Debug|Any CPU.Build.0 = Debug|Any CPU
		{2F0520DC-46C6-4250-9EF1-687AE32B4195}.Release|Any CPU.ActiveCfg = Release|Any CPU
		{2F0520DC-46C6-4250-9EF1-687AE32B4195}.Release|Any CPU.Build.0 = Release|Any CPU
	EndGlobalSection
	GlobalSection(SolutionProperties) = preSolution
		HideSolutionNode = FALSE
	EndGlobalSection
	GlobalSection(ExtensibilityGlobals) = postSolution
		SolutionGuid = {0B6C050D-44A5-43EB-8BAE-117DD97FC054}
	EndGlobalSection
EndGlobal
